
Microsoft Visual Studio Solution File, Format Version 10.00
# Visual Studio 2008
Project("{8BC9CEB8-8B4A-11D0-8D11-00A0C91BC942}") = "mm_mapview2", "mm_mapview2.vcproj", "{3F9B4CDA-9EB3-48C8-A03A-985A1AEF41B0}"
EndProject
Global
	GlobalSection(SolutionConfigurationPlatforms) = preSolution
		Debug|Win32 = Debug|Win32
		Release|Win32 = Release|Win32
	EndGlobalSection
	GlobalSection(ProjectConfigurationPlatforms) = postSolution
		{3F9B4CDA-9EB3-48C8-A03A-985A1AEF41B0}.Debug|Win32.ActiveCfg = Debug|Win32
		{3F9B4CDA-9EB3-48C8-A03A-985A1AEF41B0}.Debug|Win32.Build.0 = Debug|Win32
		{3F9B4CDA-9EB3-48C8-A03A-985A1AEF41B0}.Release|Win32.ActiveCfg = Release|Win32
		{3F9B4CDA-9EB3-48C8-A03A-985A1AEF41B0}.Release|Win32.Build.0 = Release|Win32
		{584081EE-D9E8-4ED2-AA69-950C8E809895}.Debug|Win32.ActiveCfg = Debug|Win32
		{584081EE-D9E8-4ED2-AA69-950C8E809895}.Debug|Win32.Build.0 = Debug|Win32
		{584081EE-D9E8-4ED2-AA69-950C8E809895}.Release|Win32.ActiveCfg = Release|Win32
		{584081EE-D9E8-4ED2-AA69-950C8E809895}.Release|Win32.Build.0 = Release|Win32
	EndGlobalSection
	GlobalSection(SolutionProperties) = preSolution
		HideSolutionNode = FALSE
	EndGlobalSection
EndGlobal
